
Microsoft Visual Studio Solution File, Format Version 12.00
# Visual Studio Version 16
VisualStudioVersion = 16.0.30011.22
MinimumVisualStudioVersion = 15.0.26124.0
Project("{2150E333-8FDC-42A3-9474-1A3956D46DE8}") = "src", "src", "{88D0FB93-FD3E-4C56-AC32-BF09BBB97272}"
EndProject
Project("{9A19103F-16F7-4668-BE54-9A1E7A4F7556}") = "Whitespace", "src\Whitespace\Whitespace.csproj", "{D8AB40F5-65E0-4588-8CAF-9C6AF291DD41}"
EndProject
Project("{9A19103F-16F7-4668-BE54-9A1E7A4F7556}") = "Generators", "src\Generators\Generators.csproj", "{AE13CA39-4522-4DCD-9502-B62779CA6BAB}"
EndProject
Project("{9A19103F-16F7-4668-BE54-9A1E7A4F7556}") = "Dotnot.Tools", "src\Dotnot.Tools\Dotnot.Tools.csproj", "{FDDB5647-70A0-4433-B5B6-397422FF08A1}"
EndProject
Project("{9A19103F-16F7-4668-BE54-9A1E7A4F7556}") = "Whitespace.TestProject", "src\Whitespace.TestProject\Whitespace.TestProject.csproj", "{5AF96198-5ED1-45BD-9598-07461164E63F}"
EndProject
Project("{9A19103F-16F7-4668-BE54-9A1E7A4F7556}") = "TestUtilities", "src\TestUtilities\TestUtilities.csproj", "{9143AC5A-0590-4691-91A3-654022F055BD}"
EndProject
Project("{9A19103F-16F7-4668-BE54-9A1E7A4F7556}") = "DependencyInjectionGenerator", "src\DependencyInjectionGenerator\DependencyInjectionGenerator.csproj", "{BB12DDEA-2618-4986-859A-9C5C990480FD}"
EndProject
Project("{9A19103F-16F7-4668-BE54-9A1E7A4F7556}") = "GeneratedMathUtils", "src\GeneratedMathUtils\GeneratedMathUtils.csproj", "{B1A9ED90-CE7B-4116-9ED6-933F0BEF6DB3}"
EndProject
Project("{FAE04EC0-301F-11D3-BF4B-00C04F79EFBC}") = "GeneratedMathUtils.TestProject", "src\GeneratedMathUtils.TestProject\GeneratedMathUtils.TestProject.csproj", "{7C49B3C4-1243-434E-ACC1-6E672F6DB1C1}"
EndProject
Global
	GlobalSection(SolutionConfigurationPlatforms) = preSolution
		Debug|Any CPU = Debug|Any CPU
		Debug|x64 = Debug|x64
		Debug|x86 = Debug|x86
		Release|Any CPU = Release|Any CPU
		Release|x64 = Release|x64
		Release|x86 = Release|x86
	EndGlobalSection
	GlobalSection(ProjectConfigurationPlatforms) = postSolution
		{D8AB40F5-65E0-4588-8CAF-9C6AF291DD41}.Debug|Any CPU.ActiveCfg = Debug|Any CPU
		{D8AB40F5-65E0-4588-8CAF-9C6AF291DD41}.Debug|Any CPU.Build.0 = Debug|Any CPU
		{D8AB40F5-65E0-4588-8CAF-9C6AF291DD41}.Debug|x64.ActiveCfg = Debug|Any CPU
		{D8AB40F5-65E0-4588-8CAF-9C6AF291DD41}.Debug|x64.Build.0 = Debug|Any CPU
		{D8AB40F5-65E0-4588-8CAF-9C6AF291DD41}.Debug|x86.ActiveCfg = Debug|Any CPU
		{D8AB40F5-65E0-4588-8CAF-9C6AF291DD41}.Debug|x86.Build.0 = Debug|Any CPU
		{D8AB40F5-65E0-4588-8CAF-9C6AF291DD41}.Release|Any CPU.ActiveCfg = Release|Any CPU
		{D8AB40F5-65E0-4588-8CAF-9C6AF291DD41}.Release|Any CPU.Build.0 = Release|Any CPU
		{D8AB40F5-65E0-4588-8CAF-9C6AF291DD41}.Release|x64.ActiveCfg = Release|Any CPU
		{D8AB40F5-65E0-4588-8CAF-9C6AF291DD41}.Release|x64.Build.0 = Release|Any CPU
		{D8AB40F5-65E0-4588-8CAF-9C6AF291DD41}.Release|x86.ActiveCfg = Release|Any CPU
		{D8AB40F5-65E0-4588-8CAF-9C6AF291DD41}.Release|x86.Build.0 = Release|Any CPU
		{AE13CA39-4522-4DCD-9502-B62779CA6BAB}.Debug|Any CPU.ActiveCfg = Debug|Any CPU
		{AE13CA39-4522-4DCD-9502-B62779CA6BAB}.Debug|Any CPU.Build.0 = Debug|Any CPU
		{AE13CA39-4522-4DCD-9502-B62779CA6BAB}.Debug|x64.ActiveCfg = Debug|Any CPU
		{AE13CA39-4522-4DCD-9502-B62779CA6BAB}.Debug|x64.Build.0 = Debug|Any CPU
		{AE13CA39-4522-4DCD-9502-B62779CA6BAB}.Debug|x86.ActiveCfg = Debug|Any CPU
		{AE13CA39-4522-4DCD-9502-B62779CA6BAB}.Debug|x86.Build.0 = Debug|Any CPU
		{AE13CA39-4522-4DCD-9502-B62779CA6BAB}.Release|Any CPU.ActiveCfg = Release|Any CPU
		{AE13CA39-4522-4DCD-9502-B62779CA6BAB}.Release|Any CPU.Build.0 = Release|Any CPU
		{AE13CA39-4522-4DCD-9502-B62779CA6BAB}.Release|x64.ActiveCfg = Release|Any CPU
		{AE13CA39-4522-4DCD-9502-B62779CA6BAB}.Release|x64.Build.0 = Release|Any CPU
		{AE13CA39-4522-4DCD-9502-B62779CA6BAB}.Release|x86.ActiveCfg = Release|Any CPU
		{AE13CA39-4522-4DCD-9502-B62779CA6BAB}.Release|x86.Build.0 = Release|Any CPU
		{FDDB5647-70A0-4433-B5B6-397422FF08A1}.Debug|Any CPU.ActiveCfg = Debug|Any CPU
		{FDDB5647-70A0-4433-B5B6-397422FF08A1}.Debug|Any CPU.Build.0 = Debug|Any CPU
		{FDDB5647-70A0-4433-B5B6-397422FF08A1}.Debug|x64.ActiveCfg = Debug|Any CPU
		{FDDB5647-70A0-4433-B5B6-397422FF08A1}.Debug|x64.Build.0 = Debug|Any CPU
		{FDDB5647-70A0-4433-B5B6-397422FF08A1}.Debug|x86.ActiveCfg = Debug|Any CPU
		{FDDB5647-70A0-4433-B5B6-397422FF08A1}.Debug|x86.Build.0 = Debug|Any CPU
		{FDDB5647-70A0-4433-B5B6-397422FF08A1}.Release|Any CPU.ActiveCfg = Release|Any CPU
		{FDDB5647-70A0-4433-B5B6-397422FF08A1}.Release|Any CPU.Build.0 = Release|Any CPU
		{FDDB5647-70A0-4433-B5B6-397422FF08A1}.Release|x64.ActiveCfg = Release|Any CPU
		{FDDB5647-70A0-4433-B5B6-397422FF08A1}.Release|x64.Build.0 = Release|Any CPU
		{FDDB5647-70A0-4433-B5B6-397422FF08A1}.Release|x86.ActiveCfg = Release|Any CPU
		{FDDB5647-70A0-4433-B5B6-397422FF08A1}.Release|x86.Build.0 = Release|Any CPU
		{5AF96198-5ED1-45BD-9598-07461164E63F}.Debug|Any CPU.ActiveCfg = Debug|Any CPU
		{5AF96198-5ED1-45BD-9598-07461164E63F}.Debug|Any CPU.Build.0 = Debug|Any CPU
		{5AF96198-5ED1-45BD-9598-07461164E63F}.Debug|x64.ActiveCfg = Debug|Any CPU
		{5AF96198-5ED1-45BD-9598-07461164E63F}.Debug|x64.Build.0 = Debug|Any CPU
		{5AF96198-5ED1-45BD-9598-07461164E63F}.Debug|x86.ActiveCfg = Debug|Any CPU
		{5AF96198-5ED1-45BD-9598-07461164E63F}.Debug|x86.Build.0 = Debug|Any CPU
		{5AF96198-5ED1-45BD-9598-07461164E63F}.Release|Any CPU.ActiveCfg = Release|Any CPU
		{5AF96198-5ED1-45BD-9598-07461164E63F}.Release|Any CPU.Build.0 = Release|Any CPU
		{5AF96198-5ED1-45BD-9598-07461164E63F}.Release|x64.ActiveCfg = Release|Any CPU
		{5AF96198-5ED1-45BD-9598-07461164E63F}.Release|x64.Build.0 = Release|Any CPU
		{5AF96198-5ED1-45BD-9598-07461164E63F}.Release|x86.ActiveCfg = Release|Any CPU
		{5AF96198-5ED1-45BD-9598-07461164E63F}.Release|x86.Build.0 = Release|Any CPU
		{9143AC5A-0590-4691-91A3-654022F055BD}.Debug|Any CPU.ActiveCfg = Debug|Any CPU
		{9143AC5A-0590-4691-91A3-654022F055BD}.Debug|Any CPU.Build.0 = Debug|Any CPU
		{9143AC5A-0590-4691-91A3-654022F055BD}.Debug|x64.ActiveCfg = Debug|Any CPU
		{9143AC5A-0590-4691-91A3-654022F055BD}.Debug|x64.Build.0 = Debug|Any CPU
		{9143AC5A-0590-4691-91A3-654022F055BD}.Debug|x86.ActiveCfg = Debug|Any CPU
		{9143AC5A-0590-4691-91A3-654022F055BD}.Debug|x86.Build.0 = Debug|Any CPU
		{9143AC5A-0590-4691-91A3-654022F055BD}.Release|Any CPU.ActiveCfg = Release|Any CPU
		{9143AC5A-0590-4691-91A3-654022F055BD}.Release|Any CPU.Build.0 = Release|Any CPU
		{9143AC5A-0590-4691-91A3-654022F055BD}.Release|x64.ActiveCfg = Release|Any CPU
		{9143AC5A-0590-4691-91A3-654022F055BD}.Release|x64.Build.0 = Release|Any CPU
		{9143AC5A-0590-4691-91A3-654022F055BD}.Release|x86.ActiveCfg = Release|Any CPU
		{9143AC5A-0590-4691-91A3-654022F055BD}.Release|x86.Build.0 = Release|Any CPU
		{BB12DDEA-2618-4986-859A-9C5C990480FD}.Debug|Any CPU.ActiveCfg = Debug|Any CPU
		{BB12DDEA-2618-4986-859A-9C5C990480FD}.Debug|Any CPU.Build.0 = Debug|Any CPU
		{BB12DDEA-2618-4986-859A-9C5C990480FD}.Debug|x64.ActiveCfg = Debug|Any CPU
		{BB12DDEA-2618-4986-859A-9C5C990480FD}.Debug|x64.Build.0 = Debug|Any CPU
		{BB12DDEA-2618-4986-859A-9C5C990480FD}.Debug|x86.ActiveCfg = Debug|Any CPU
		{BB12DDEA-2618-4986-859A-9C5C990480FD}.Debug|x86.Build.0 = Debug|Any CPU
		{BB12DDEA-2618-4986-859A-9C5C990480FD}.Release|Any CPU.ActiveCfg = Release|Any CPU
		{BB12DDEA-2618-4986-859A-9C5C990480FD}.Release|Any CPU.Build.0 = Release|Any CPU
		{BB12DDEA-2618-4986-859A-9C5C990480FD}.Release|x64.ActiveCfg = Release|Any CPU
		{BB12DDEA-2618-4986-859A-9C5C990480FD}.Release|x64.Build.0 = Release|Any CPU
		{BB12DDEA-2618-4986-859A-9C5C990480FD}.Release|x86.ActiveCfg = Release|Any CPU
		{BB12DDEA-2618-4986-859A-9C5C990480FD}.Release|x86.Build.0 = Release|Any CPU
		{B1A9ED90-CE7B-4116-9ED6-933F0BEF6DB3}.Debug|Any CPU.ActiveCfg = Debug|Any CPU
		{B1A9ED90-CE7B-4116-9ED6-933F0BEF6DB3}.Debug|Any CPU.Build.0 = Debug|Any CPU
		{B1A9ED90-CE7B-4116-9ED6-933F0BEF6DB3}.Debug|x64.ActiveCfg = Debug|Any CPU
		{B1A9ED90-CE7B-4116-9ED6-933F0BEF6DB3}.Debug|x64.Build.0 = Debug|Any CPU
		{B1A9ED90-CE7B-4116-9ED6-933F0BEF6DB3}.Debug|x86.ActiveCfg = Debug|Any CPU
		{B1A9ED90-CE7B-4116-9ED6-933F0BEF6DB3}.Debug|x86.Build.0 = Debug|Any CPU
		{B1A9ED90-CE7B-4116-9ED6-933F0BEF6DB3}.Release|Any CPU.ActiveCfg = Release|Any CPU
		{B1A9ED90-CE7B-4116-9ED6-933F0BEF6DB3}.Release|Any CPU.Build.0 = Release|Any CPU
		{B1A9ED90-CE7B-4116-9ED6-933F0BEF6DB3}.Release|x64.ActiveCfg = Release|Any CPU
		{B1A9ED90-CE7B-4116-9ED6-933F0BEF6DB3}.Release|x64.Build.0 = Release|Any CPU
		{B1A9ED90-CE7B-4116-9ED6-933F0BEF6DB3}.Release|x86.ActiveCfg = Release|Any CPU
		{B1A9ED90-CE7B-4116-9ED6-933F0BEF6DB3}.Release|x86.Build.0 = Release|Any CPU
		{7C49B3C4-1243-434E-ACC1-6E672F6DB1C1}.Debug|Any CPU.ActiveCfg = Debug|Any CPU
		{7C49B3C4-1243-434E-ACC1-6E672F6DB1C1}.Debug|Any CPU.Build.0 = Debug|Any CPU
		{7C49B3C4-1243-434E-ACC1-6E672F6DB1C1}.Debug|x64.ActiveCfg = Debug|Any CPU
		{7C49B3C4-1243-434E-ACC1-6E672F6DB1C1}.Debug|x64.Build.0 = Debug|Any CPU
		{7C49B3C4-1243-434E-ACC1-6E672F6DB1C1}.Debug|x86.ActiveCfg = Debug|Any CPU
		{7C49B3C4-1243-434E-ACC1-6E672F6DB1C1}.Debug|x86.Build.0 = Debug|Any CPU
		{7C49B3C4-1243-434E-ACC1-6E672F6DB1C1}.Release|Any CPU.ActiveCfg = Release|Any CPU
		{7C49B3C4-1243-434E-ACC1-6E672F6DB1C1}.Release|Any CPU.Build.0 = Release|Any CPU
		{7C49B3C4-1243-434E-ACC1-6E672F6DB1C1}.Release|x64.ActiveCfg = Release|Any CPU
		{7C49B3C4-1243-434E-ACC1-6E672F6DB1C1}.Release|x64.Build.0 = Release|Any CPU
		{7C49B3C4-1243-434E-ACC1-6E672F6DB1C1}.Release|x86.ActiveCfg = Release|Any CPU
		{7C49B3C4-1243-434E-ACC1-6E672F6DB1C1}.Release|x86.Build.0 = Release|Any CPU
	EndGlobalSection
	GlobalSection(SolutionProperties) = preSolution
		HideSolutionNode = FALSE
	EndGlobalSection
	GlobalSection(NestedProjects) = preSolution
		{D8AB40F5-65E0-4588-8CAF-9C6AF291DD41} = {88D0FB93-FD3E-4C56-AC32-BF09BBB97272}
		{AE13CA39-4522-4DCD-9502-B62779CA6BAB} = {88D0FB93-FD3E-4C56-AC32-BF09BBB97272}
		{FDDB5647-70A0-4433-B5B6-397422FF08A1} = {88D0FB93-FD3E-4C56-AC32-BF09BBB97272}
		{5AF96198-5ED1-45BD-9598-07461164E63F} = {88D0FB93-FD3E-4C56-AC32-BF09BBB97272}
		{9143AC5A-0590-4691-91A3-654022F055BD} = {88D0FB93-FD3E-4C56-AC32-BF09BBB97272}
		{BB12DDEA-2618-4986-859A-9C5C990480FD} = {88D0FB93-FD3E-4C56-AC32-BF09BBB97272}
		{B1A9ED90-CE7B-4116-9ED6-933F0BEF6DB3} = {88D0FB93-FD3E-4C56-AC32-BF09BBB97272}
		{7C49B3C4-1243-434E-ACC1-6E672F6DB1C1} = {88D0FB93-FD3E-4C56-AC32-BF09BBB97272}
	EndGlobalSection
	GlobalSection(ExtensibilityGlobals) = postSolution
		SolutionGuid = {E8F8A083-16F0-4F11-AA34-87ECA5120A62}
	EndGlobalSection
EndGlobal
